// !$*UTF8*$!
{
	archiveVersion = 1;
	classes = {
	};
	objectVersion = 46;
	objects = {

/* Begin PBXBuildFile section */
		CDF583951D9580E100E3270A /* main.m in Sources */ = {isa = PBXBuildFile; fileRef = CDF583941D9580E100E3270A /* main.m */; };
		CDF583981D9580E100E3270A /* AppDelegate.m in Sources */ = {isa = PBXBuildFile; fileRef = CDF583971D9580E100E3270A /* AppDelegate.m */; };
		CDF5839B1D9580E100E3270A /* ViewController.m in Sources */ = {isa = PBXBuildFile; fileRef = CDF5839A1D9580E100E3270A /* ViewController.m */; };
		CDF5839E1D9580E100E3270A /* Main.storyboard in Resources */ = {isa = PBXBuildFile; fileRef = CDF5839C1D9580E100E3270A /* Main.storyboard */; };
		CDF583A01D9580E100E3270A /* Assets.xcassets in Resources */ = {isa = PBXBuildFile; fileRef = CDF5839F1D9580E100E3270A /* Assets.xcassets */; };
		CDF583A31D9580E100E3270A /* LaunchScreen.storyboard in Resources */ = {isa = PBXBuildFile; fileRef = CDF583A11D9580E100E3270A /* LaunchScreen.storyboard */; };
		CDF583AE1D9580E100E3270A /* TestTests.m in Sources */ = {isa = PBXBuildFile; fileRef = CDF583AD1D9580E100E3270A /* TestTests.m */; };
		CDF583B91D9580E100E3270A /* TestUITests.m in Sources */ = {isa = PBXBuildFile; fileRef = CDF583B81D9580E100E3270A /* TestUITests.m */; };
		CDF583CB1D95817400E3270A /* FirstViewController.m in Sources */ = {isa = PBXBuildFile; fileRef = CDF583CA1D95817400E3270A /* FirstViewController.m */; };
		CDF583CE1D95817D00E3270A /* SecondViewController.m in Sources */ = {isa = PBXBuildFile; fileRef = CDF583CD1D95817D00E3270A /* SecondViewController.m */; };
		CDF583D11D95818800E3270A /* ThirdViewController.m in Sources */ = {isa = PBXBuildFile; fileRef = CDF583D01D95818800E3270A /* ThirdViewController.m */; };
		CDF583D41D9584ED00E3270A /* UIViewController+BackButtonHandler.m in Sources */ = {isa = PBXBuildFile; fileRef = CDF583D31D9584ED00E3270A /* UIViewController+BackButtonHandler.m */; };
/* End PBXBuildFile section */

/* Begin PBXContainerItemProxy section */
		CDF583AA1D9580E100E3270A /* PBXContainerItemProxy */ = {
			isa = PBXContainerItemProxy;
			containerPortal = CDF583881D9580E100E3270A /* Project object */;
			proxyType = 1;
			remoteGlobalIDString = CDF5838F1D9580E100E3270A;
			remoteInfo = Test;
		};
		CDF583B51D9580E100E3270A /* PBXContainerItemProxy */ = {
			isa = PBXContainerItemProxy;
			containerPortal = CDF583881D9580E100E3270A /* Project object */;
			proxyType = 1;
			remoteGlobalIDString = CDF5838F1D9580E100E3270A;
			remoteInfo = Test;
		};
/* End PBXContainerItemProxy section */

/* Begin PBXFileReference section */
		CDF583901D9580E100E3270A /* Test.app */ = {isa = PBXFileReference; explicitFileType = wrapper.application; includeInIndex = 0; path = Test.app; sourceTree = BUILT_PRODUCTS_DIR; };
		CDF583941D9580E100E3270A /* main.m */ = {isa = PBXFileReference; lastKnownFileType = sourcecode.c.objc; path = main.m; sourceTree = "<group>"; };
		CDF583961D9580E100E3270A /* AppDelegate.h */ = {isa = PBXFileReference; lastKnownFileType = sourcecode.c.h; path = AppDelegate.h; sourceTree = "<group>"; };
		CDF583971D9580E100E3270A /* AppDelegate.m */ = {isa = PBXFileReference; lastKnownFileType = sourcecode.c.objc; path = AppDelegate.m; sourceTree = "<group>"; };
		CDF583991D9580E100E3270A /* ViewController.h */ = {isa = PBXFileReference; lastKnownFileType = sourcecode.c.h; path = ViewController.h; sourceTree = "<group>"; };
		CDF5839A1D9580E100E3270A /* ViewController.m */ = {isa = PBXFileReference; lastKnownFileType = sourcecode.c.objc; path = ViewController.m; sourceTree = "<group>"; };
		CDF5839D1D9580E100E3270A /* Base */ = {isa = PBXFileReference; lastKnownFileType = file.storyboard; name = Base; path = Base.lproj/Main.storyboard; sourceTree = "<group>"; };
		CDF5839F1D9580E100E3270A /* Assets.xcassets */ = {isa = PBXFileReference; lastKnownFileType = folder.assetcatalog; path = Assets.xcassets; sourceTree = "<group>"; };
		CDF583A21D9580E100E3270A /* Base */ = {isa = PBXFileReference; lastKnownFileType = file.storyboard; name = Base; path = Base.lproj/LaunchScreen.storyboard; sourceTree = "<group>"; };
		CDF583A41D9580E100E3270A /* Info.plist */ = {isa = PBXFileReference; lastKnownFileType = text.plist.xml; path = Info.plist; sourceTree = "<group>"; };
		CDF583A91D9580E100E3270A /* TestTests.xctest */ = {isa = PBXFileReference; explicitFileType = wrapper.cfbundle; includeInIndex = 0; path = TestTests.xctest; sourceTree = BUILT_PRODUCTS_DIR; };
		CDF583AD1D9580E100E3270A /* TestTests.m */ = {isa = PBXFileReference; lastKnownFileType = sourcecode.c.objc; path = TestTests.m; sourceTree = "<group>"; };
		CDF583AF1D9580E100E3270A /* Info.plist */ = {isa = PBXFileReference; lastKnownFileType = text.plist.xml; path = Info.plist; sourceTree = "<group>"; };
		CDF583B41D9580E100E3270A /* TestUITests.xctest */ = {isa = PBXFileReference; explicitFileType = wrapper.cfbundle; includeInIndex = 0; path = TestUITests.xctest; sourceTree = BUILT_PRODUCTS_DIR; };
		CDF583B81D9580E100E3270A /* TestUITests.m */ = {isa = PBXFileReference; lastKnownFileType = sourcecode.c.objc; path = TestUITests.m; sourceTree = "<group>"; };
		CDF583BA1D9580E100E3270A /* Info.plist */ = {isa = PBXFileReference; lastKnownFileType = text.plist.xml; path = Info.plist; sourceTree = "<group>"; };
		CDF583C91D95817400E3270A /* FirstViewController.h */ = {isa = PBXFileReference; fileEncoding = 4; lastKnownFileType = sourcecode.c.h; path = FirstViewController.h; sourceTree = "<group>"; };
		CDF583CA1D95817400E3270A /* FirstViewController.m */ = {isa = PBXFileReference; fileEncoding = 4; lastKnownFileType = sourcecode.c.objc; path = FirstViewController.m; sourceTree = "<group>"; };
		CDF583CC1D95817D00E3270A /* SecondViewController.h */ = {isa = PBXFileReference; fileEncoding = 4; lastKnownFileType = sourcecode.c.h; path = SecondViewController.h; sourceTree = "<group>"; };
		CDF583CD1D95817D00E3270A /* SecondViewController.m */ = {isa = PBXFileReference; fileEncoding = 4; lastKnownFileType = sourcecode.c.objc; path = SecondViewController.m; sourceTree = "<group>"; };
		CDF583CF1D95818800E3270A /* ThirdViewController.h */ = {isa = PBXFileReference; fileEncoding = 4; lastKnownFileType = sourcecode.c.h; path = ThirdViewController.h; sourceTree = "<group>"; };
		CDF583D01D95818800E3270A /* ThirdViewController.m */ = {isa = PBXFileReference; fileEncoding = 4; lastKnownFileType = sourcecode.c.objc; path = ThirdViewController.m; sourceTree = "<group>"; };
		CDF583D21D9584ED00E3270A /* UIViewController+BackButtonHandler.h */ = {isa = PBXFileReference; fileEncoding = 4; lastKnownFileType = sourcecode.c.h; path = "UIViewController+BackButtonHandler.h"; sourceTree = "<group>"; };
		CDF583D31D9584ED00E3270A /* UIViewController+BackButtonHandler.m */ = {isa = PBXFileReference; fileEncoding = 4; lastKnownFileType = sourcecode.c.objc; path = "UIViewController+BackButtonHandler.m"; sourceTree = "<group>"; };
/* End PBXFileReference section */

/* Begin PBXFrameworksBuildPhase section */
		CDF5838D1D9580E100E3270A /* Frameworks */ = {
			isa = PBXFrameworksBuildPhase;
			buildActionMask = 2147483647;
			files = (
			);
			runOnlyForDeploymentPostprocessing = 0;
		};
		CDF583A61D9580E100E3270A /* Frameworks */ = {
			isa = PBXFrameworksBuildPhase;
			buildActionMask = 2147483647;
			files = (
			);
			runOnlyForDeploymentPostprocessing = 0;
		};
		CDF583B11D9580E100E3270A /* Frameworks */ = {
			isa = PBXFrameworksBuildPhase;
			buildActionMask = 2147483647;
			files = (
			);
			runOnlyForDeploymentPostprocessing = 0;
		};
/* End PBXFrameworksBuildPhase section */

/* Begin PBXGroup section */
		CDF583871D9580E100E3270A = {
			isa = PBXGroup;
			children = (
				CDF583921D9580E100E3270A /* Test */,
				CDF583AC1D9580E100E3270A /* TestTests */,
				CDF583B71D9580E100E3270A /* TestUITests */,
				CDF583911D9580E100E3270A /* Products */,
			);
			sourceTree = "<group>";
		};
		CDF583911D9580E100E3270A /* Products */ = {
			isa = PBXGroup;
			children = (
				CDF583901D9580E100E3270A /* Test.app */,
				CDF583A91D9580E100E3270A /* TestTests.xctest */,
				CDF583B41D9580E100E3270A /* TestUITests.xctest */,
			);
			name = Products;
			sourceTree = "<group>";
		};
		CDF583921D9580E100E3270A /* Test */ = {
			isa = PBXGroup;
			children = (
				CDF583D21D9584ED00E3270A /* UIViewController+BackButtonHandler.h */,
				CDF583D31D9584ED00E3270A /* UIViewController+BackButtonHandler.m */,
				CDF583961D9580E100E3270A /* AppDelegate.h */,
				CDF583971D9580E100E3270A /* AppDelegate.m */,
				CDF583991D9580E100E3270A /* ViewController.h */,
				CDF5839A1D9580E100E3270A /* ViewController.m */,
				CDF583C91D95817400E3270A /* FirstViewController.h */,
				CDF583CA1D95817400E3270A /* FirstViewController.m */,
				CDF583CC1D95817D00E3270A /* SecondViewController.h */,
				CDF583CD1D95817D00E3270A /* SecondViewController.m */,
				CDF583CF1D95818800E3270A /* ThirdViewController.h */,
				CDF583D01D95818800E3270A /* ThirdViewController.m */,
				CDF5839C1D9580E100E3270A /* Main.storyboard */,
				CDF5839F1D9580E100E3270A /* Assets.xcassets */,
				CDF583A11D9580E100E3270A /* LaunchScreen.storyboard */,
				CDF583A41D9580E100E3270A /* Info.plist */,
				CDF583931D9580E100E3270A /* Supporting Files */,
			);
			path = Test;
			sourceTree = "<group>";
		};
		CDF583931D9580E100E3270A /* Supporting Files */ = {
			isa = PBXGroup;
			children = (
				CDF583941D9580E100E3270A /* main.m */,
			);
			name = "Supporting Files";
			sourceTree = "<group>";
		};
		CDF583AC1D9580E100E3270A /* TestTests */ = {
			isa = PBXGroup;
			children = (
				CDF583AD1D9580E100E3270A /* TestTests.m */,
				CDF583AF1D9580E100E3270A /* Info.plist */,
			);
			path = TestTests;
			sourceTree = "<group>";
		};
		CDF583B71D9580E100E3270A /* TestUITests */ = {
			isa = PBXGroup;
			children = (
				CDF583B81D9580E100E3270A /* TestUITests.m */,
				CDF583BA1D9580E100E3270A /* Info.plist */,
			);
			path = TestUITests;
			sourceTree = "<group>";
		};
/* End PBXGroup section */

/* Begin PBXNativeTarget section */
		CDF5838F1D9580E100E3270A /* Test */ = {
			isa = PBXNativeTarget;
			buildConfigurationList = CDF583BD1D9580E100E3270A /* Build configuration list for PBXNativeTarget "Test" */;
			buildPhases = (
				CDF5838C1D9580E100E3270A /* Sources */,
				CDF5838D1D9580E100E3270A /* Frameworks */,
				CDF5838E1D9580E100E3270A /* Resources */,
			);
			buildRules = (
			);
			dependencies = (
			);
			name = Test;
			productName = Test;
			productReference = CDF583901D9580E100E3270A /* Test.app */;
			productType = "com.apple.product-type.application";
		};
		CDF583A81D9580E100E3270A /* TestTests */ = {
			isa = PBXNativeTarget;
			buildConfigurationList = CDF583C01D9580E100E3270A /* Build configuration list for PBXNativeTarget "TestTests" */;
			buildPhases = (
				CDF583A51D9580E100E3270A /* Sources */,
				CDF583A61D9580E100E3270A /* Frameworks */,
				CDF583A71D9580E100E3270A /* Resources */,
			);
			buildRules = (
			);
			dependencies = (
				CDF583AB1D9580E100E3270A /* PBXTargetDependency */,
			);
			name = TestTests;
			productName = TestTests;
			productReference = CDF583A91D9580E100E3270A /* TestTests.xctest */;
			productType = "com.apple.product-type.bundle.unit-test";
		};
		CDF583B31D9580E100E3270A /* TestUITests */ = {
			isa = PBXNativeTarget;
			buildConfigurationList = CDF583C31D9580E100E3270A /* Build configuration list for PBXNativeTarget "TestUITests" */;
			buildPhases = (
				CDF583B01D9580E100E3270A /* Sources */,
				CDF583B11D9580E100E3270A /* Frameworks */,
				CDF583B21D9580E100E3270A /* Resources */,
			);
			buildRules = (
			);
			dependencies = (
				CDF583B61D9580E100E3270A /* PBXTargetDependency */,
			);
			name = TestUITests;
			productName = TestUITests;
			productReference = CDF583B41D9580E100E3270A /* TestUITests.xctest */;
			productType = "com.apple.product-type.bundle.ui-testing";
		};
/* End PBXNativeTarget section */

/* Begin PBXProject section */
		CDF583881D9580E100E3270A /* Project object */ = {
			isa = PBXProject;
			attributes = {
				LastUpgradeCheck = 0730;
				ORGANIZATIONNAME = zbh;
				TargetAttributes = {
					CDF5838F1D9580E100E3270A = {
						CreatedOnToolsVersion = 7.3.1;
					};
					CDF583A81D9580E100E3270A = {
						CreatedOnToolsVersion = 7.3.1;
						TestTargetID = CDF5838F1D9580E100E3270A;
					};
					CDF583B31D9580E100E3270A = {
						CreatedOnToolsVersion = 7.3.1;
						TestTargetID = CDF5838F1D9580E100E3270A;
					};
				};
			};
			buildConfigurationList = CDF5838B1D9580E100E3270A /* Build configuration list for PBXProject "Test" */;
			compatibilityVersion = "Xcode 3.2";
			developmentRegion = English;
			hasScannedForEncodings = 0;
			knownRegions = (
				en,
				Base,
			);
			mainGroup = CDF583871D9580E100E3270A;
			productRefGroup = CDF583911D9580E100E3270A /* Products */;
			projectDirPath = "";
			projectRoot = "";
			targets = (
				CDF5838F1D9580E100E3270A /* Test */,
				CDF583A81D9580E100E3270A /* TestTests */,
				CDF583B31D9580E100E3270A /* TestUITests */,
			);
		};
/* End PBXProject section */

/* Begin PBXResourcesBuildPhase section */
		CDF5838E1D9580E100E3270A /* Resources */ = {
			isa = PBXResourcesBuildPhase;
			buildActionMask = 2147483647;
			files = (
				CDF583A31D9580E100E3270A /* LaunchScreen.storyboard in Resources */,
				CDF583A01D9580E100E3270A /* Assets.xcassets in Resources */,
				CDF5839E1D9580E100E3270A /* Main.storyboard in Resources */,
			);
			runOnlyForDeploymentPostprocessing = 0;
		};
		CDF583A71D9580E100E3270A /* Resources */ = {
			isa = PBXResourcesBuildPhase;
			buildActionMask = 2147483647;
			files = (
			);
			runOnlyForDeploymentPostprocessing = 0;
		};
		CDF583B21D9580E100E3270A /* Resources */ = {
			isa = PBXResourcesBuildPhase;
			buildActionMask = 2147483647;
			files = (
			);
			runOnlyForDeploymentPostprocessing = 0;
		};
/* End PBXResourcesBuildPhase section */

/* Begin PBXSourcesBuildPhase section */
		CDF5838C1D9580E100E3270A /* Sources */ = {
			isa = PBXSourcesBuildPhase;
			buildActionMask = 2147483647;
			files = (
				CDF583D41D9584ED00E3270A /* UIViewController+BackButtonHandler.m in Sources */,
				CDF583CE1D95817D00E3270A /* SecondViewController.m in Sources */,
				CDF5839B1D9580E100E3270A /* ViewController.m in Sources */,
				CDF583981D9580E100E3270A /* AppDelegate.m in Sources */,
				CDF583CB1D95817400E3270A /* FirstViewController.m in Sources */,
				CDF583951D9580E100E3270A /* main.m in Sources */,
				CDF583D11D95818800E3270A /* ThirdViewController.m in Sources */,
			);
			runOnlyForDeploymentPostprocessing = 0;
		};
		CDF583A51D9580E100E3270A /* Sources */ = {
			isa = PBXSourcesBuildPhase;
			buildActionMask = 2147483647;
			files = (
				CDF583AE1D9580E100E3270A /* TestTests.m in Sources */,
			);
			runOnlyForDeploymentPostprocessing = 0;
		};
		CDF583B01D9580E100E3270A /* Sources */ = {
			isa = PBXSourcesBuildPhase;
			buildActionMask = 2147483647;
			files = (
				CDF583B91D9580E100E3270A /* TestUITests.m in Sources */,
			);
			runOnlyForDeploymentPostprocessing = 0;
		};
/* End PBXSourcesBuildPhase section */

/* Begin PBXTargetDependency section */
		CDF583AB1D9580E100E3270A /* PBXTargetDependency */ = {
			isa = PBXTargetDependency;
			target = CDF5838F1D9580E100E3270A /* Test */;
			targetProxy = CDF583AA1D9580E100E3270A /* PBXContainerItemProxy */;
		};
		CDF583B61D9580E100E3270A /* PBXTargetDependency */ = {
			isa = PBXTargetDependency;
			target = CDF5838F1D9580E100E3270A /* Test */;
			targetProxy = CDF583B51D9580E100E3270A /* PBXContainerItemProxy */;
		};
/* End PBXTargetDependency section */

/* Begin PBXVariantGroup section */
		CDF5839C1D9580E100E3270A /* Main.storyboard */ = {
			isa = PBXVariantGroup;
			children = (
				CDF5839D1D9580E100E3270A /* Base */,
			);
			name = Main.storyboard;
			sourceTree = "<group>";
		};
		CDF583A11D9580E100E3270A /* LaunchScreen.storyboard */ = {
			isa = PBXVariantGroup;
			children = (
				CDF583A21D9580E100E3270A /* Base */,
			);
			name = LaunchScreen.storyboard;
			sourceTree = "<group>";
		};
/* End PBXVariantGroup section */

/* Begin XCBuildConfiguration section */
		CDF583BB1D9580E100E3270A /* Debug */ = {
			isa = XCBuildConfiguration;
			buildSettings = {
				ALWAYS_SEARCH_USER_PATHS = NO;
				CLANG_ANALYZER_NONNULL = YES;
				CLANG_CXX_LANGUAGE_STANDARD = "gnu++0x";
				CLANG_CXX_LIBRARY = "libc++";
				CLANG_ENABLE_MODULES = YES;
				CLANG_ENABLE_OBJC_ARC = YES;
				CLANG_WARN_BOOL_CONVERSION = YES;
				CLANG_WARN_CONSTANT_CONVERSION = YES;
				CLANG_WARN_DIRECT_OBJC_ISA_USAGE = YES_ERROR;
				CLANG_WARN_EMPTY_BODY = YES;
				CLANG_WARN_ENUM_CONVERSION = YES;
				CLANG_WARN_INT_CONVERSION = YES;
				CLANG_WARN_OBJC_ROOT_CLASS = YES_ERROR;
				CLANG_WARN_UNREACHABLE_CODE = YES;
				CLANG_WARN__DUPLICATE_METHOD_MATCH = YES;
				"CODE_SIGN_IDENTITY[sdk=iphoneos*]" = "iPhone Developer";
				COPY_PHASE_STRIP = NO;
				DEBUG_INFORMATION_FORMAT = dwarf;
				ENABLE_STRICT_OBJC_MSGSEND = YES;
				ENABLE_TESTABILITY = YES;
				GCC_C_LANGUAGE_STANDARD = gnu99;
				GCC_DYNAMIC_NO_PIC = NO;
				GCC_NO_COMMON_BLOCKS = YES;
				GCC_OPTIMIZATION_LEVEL = 0;
				GCC_PREPROCESSOR_DEFINITIONS = (
					"DEBUG=1",
					"$(inherited)",
				);
				GCC_WARN_64_TO_32_BIT_CONVERSION = YES;
				GCC_WARN_ABOUT_RETURN_TYPE = YES_ERROR;
				GCC_WARN_UNDECLARED_SELECTOR = YES;
				GCC_WARN_UNINITIALIZED_AUTOS = YES_AGGRESSIVE;
				GCC_WARN_UNUSED_FUNCTION = YES;
				GCC_WARN_UNUSED_VARIABLE = YES;
				IPHONEOS_DEPLOYMENT_TARGET = 9.3;
				MTL_ENABLE_DEBUG_INFO = YES;
				ONLY_ACTIVE_ARCH = YES;
				SDKROOT = iphoneos;
			};
			name = Debug;
		};
		CDF583BC1D9580E100E3270A /* Release */ = {
			isa = XCBuildConfiguration;
			buildSettings = {
				ALWAYS_SEARCH_USER_PATHS = NO;
				CLANG_ANALYZER_NONNULL = YES;
				CLANG_CXX_LANGUAGE_STANDARD = "gnu++0x";
				CLANG_CXX_LIBRARY = "libc++";
				CLANG_ENABLE_MODULES = YES;
				CLANG_ENABLE_OBJC_ARC = YES;
				CLANG_WARN_BOOL_CONVERSION = YES;
				CLANG_WARN_CONSTANT_CONVERSION = YES;
				CLANG_WARN_DIRECT_OBJC_ISA_USAGE = YES_ERROR;
				CLANG_WARN_EMPTY_BODY = YES;
				CLANG_WARN_ENUM_CONVERSION = YES;
				CLANG_WARN_INT_CONVERSION = YES;
				CLANG_WARN_OBJC_ROOT_CLASS = YES_ERROR;
				CLANG_WARN_UNREACHABLE_CODE = YES;
				CLANG_WARN__DUPLICATE_METHOD_MATCH = YES;
				"CODE_SIGN_IDENTITY[sdk=iphoneos*]" = "iPhone Developer";
				COPY_PHASE_STRIP = NO;
				DEBUG_INFORMATION_FORMAT = "dwarf-with-dsym";
				ENABLE_NS_ASSERTIONS = NO;
				ENABLE_STRICT_OBJC_MSGSEND = YES;
				GCC_C_LANGUAGE_STANDARD = gnu99;
				GCC_NO_COMMON_BLOCKS = YES;
				GCC_WARN_64_TO_32_BIT_CONVERSION = YES;
				GCC_WARN_ABOUT_RETURN_TYPE = YES_ERROR;
				GCC_WARN_UNDECLARED_SELECTOR = YES;
				GCC_WARN_UNINITIALIZED_AUTOS = YES_AGGRESSIVE;
				GCC_WARN_UNUSED_FUNCTION = YES;
				GCC_WARN_UNUSED_VARIABLE = YES;
				IPHONEOS_DEPLOYMENT_TARGET = 9.3;
				MTL_ENABLE_DEBUG_INFO = NO;
				SDKROOT = iphoneos;
				VALIDATE_PRODUCT = YES;
			};
			name = Release;
		};
		CDF583BE1D9580E100E3270A /* Debug */ = {
			isa = XCBuildConfiguration;
			buildSettings = {
				ASSETCATALOG_COMPILER_APPICON_NAME = AppIcon;
				INFOPLIST_FILE = Test/Info.plist;
				LD_RUNPATH_SEARCH_PATHS = "$(inherited) @executable_path/Frameworks";
				PRODUCT_BUNDLE_IDENTIFIER = zbh.Test;
				PRODUCT_NAME = "$(TARGET_NAME)";
			};
			name = Debug;
		};
		CDF583BF1D9580E100E3270A /* Release */ = {
			isa = XCBuildConfiguration;
			buildSettings = {
				ASSETCATALOG_COMPILER_APPICON_NAME = AppIcon;
				INFOPLIST_FILE = Test/Info.plist;
				LD_RUNPATH_SEARCH_PATHS = "$(inherited) @executable_path/Frameworks";
				PRODUCT_BUNDLE_IDENTIFIER = zbh.Test;
				PRODUCT_NAME = "$(TARGET_NAME)";
			};
			name = Release;
		};
		CDF583C11D9580E100E3270A /* Debug */ = {
			isa = XCBuildConfiguration;
			buildSettings = {
				BUNDLE_LOADER = "$(TEST_HOST)";
				INFOPLIST_FILE = TestTests/Info.plist;
				LD_RUNPATH_SEARCH_PATHS = "$(inherited) @executable_path/Frameworks @loader_path/Frameworks";
				PRODUCT_BUNDLE_IDENTIFIER = zbh.TestTests;
				PRODUCT_NAME = "$(TARGET_NAME)";
				TEST_HOST = "$(BUILT_PRODUCTS_DIR)/Test.app/Test";
			};
			name = Debug;
		};
		CDF583C21D9580E100E3270A /* Release */ = {
			isa = XCBuildConfiguration;
			buildSettings = {
				BUNDLE_LOADER = "$(TEST_HOST)";
				INFOPLIST_FILE = TestTests/Info.plist;
				LD_RUNPATH_SEARCH_PATHS = "$(inherited) @executable_path/Frameworks @loader_path/Frameworks";
				PRODUCT_BUNDLE_IDENTIFIER = zbh.TestTests;
				PRODUCT_NAME = "$(TARGET_NAME)";
				TEST_HOST = "$(BUILT_PRODUCTS_DIR)/Test.app/Test";
			};
			name = Release;
		};
		CDF583C41D9580E100E3270A /* Debug */ = {
			isa = XCBuildConfiguration;
			buildSettings = {
				INFOPLIST_FILE = TestUITests/Info.plist;
				LD_RUNPATH_SEARCH_PATHS = "$(inherited) @executable_path/Frameworks @loader_path/Frameworks";
				PRODUCT_BUNDLE_IDENTIFIER = zbh.TestUITests;
				PRODUCT_NAME = "$(TARGET_NAME)";
				TEST_TARGET_NAME = Test;
			};
			name = Debug;
		};
		CDF583C51D9580E100E3270A /* Release */ = {
			isa = XCBuildConfiguration;
			buildSettings = {
				INFOPLIST_FILE = TestUITests/Info.plist;
				LD_RUNPATH_SEARCH_PATHS = "$(inherited) @executable_path/Frameworks @loader_path/Frameworks";
				PRODUCT_BUNDLE_IDENTIFIER = zbh.TestUITests;
				PRODUCT_NAME = "$(TARGET_NAME)";
				TEST_TARGET_NAME = Test;
			};
			name = Release;
		};
/* End XCBuildConfiguration section */

/* Begin XCConfigurationList section */
		CDF5838B1D9580E100E3270A /* Build configuration list for PBXProject "Test" */ = {
			isa = XCConfigurationList;
			buildConfigurations = (
				CDF583BB1D9580E100E3270A /* Debug */,
				CDF583BC1D9580E100E3270A /* Release */,
			);
			defaultConfigurationIsVisible = 0;
			defaultConfigurationName = Release;
		};
		CDF583BD1D9580E100E3270A /* Build configuration list for PBXNativeTarget "Test" */ = {
			isa = XCConfigurationList;
			buildConfigurations = (
				CDF583BE1D9580E100E3270A /* Debug */,
				CDF583BF1D9580E100E3270A /* Release */,
			);
			defaultConfigurationIsVisible = 0;
		};
		CDF583C01D9580E100E3270A /* Build configuration list for PBXNativeTarget "TestTests" */ = {
			isa = XCConfigurationList;
			buildConfigurations = (
				CDF583C11D9580E100E3270A /* Debug */,
				CDF583C21D9580E100E3270A /* Release */,
			);
			defaultConfigurationIsVisible = 0;
		};
		CDF583C31D9580E100E3270A /* Build configuration list for PBXNativeTarget "TestUITests" */ = {
			isa = XCConfigurationList;
			buildConfigurations = (
				CDF583C41D9580E100E3270A /* Debug */,
				CDF583C51D9580E100E3270A /* Release */,
			);
			defaultConfigurationIsVisible = 0;
		};
/* End XCConfigurationList section */
	};
	rootObject = CDF583881D9580E100E3270A /* Project object */;
}
